
Microsoft Visual Studio Solution File, Format Version 12.00
# Visual Studio Version 17
VisualStudioVersion = 17.14.36623.8 d17.14
MinimumVisualStudioVersion = 10.0.40219.1
Project("{FAE04EC0-301F-11D3-BF4B-00C04F79EFBC}") = "AuthService", "AuthService.csproj", "{5CD9DF96-E4BD-45EE-B7A3-3F68C5F4B8D4}"
EndProject
Global
	GlobalSection(SolutionConfigurationPlatforms) = preSolution
		Debug|Any CPU = Debug|Any CPU
		Release|Any CPU = Release|Any CPU
	EndGlobalSection
	GlobalSection(ProjectConfigurationPlatforms) = postSolution
		{5CD9DF96-E4BD-45EE-B7A3-3F68C5F4B8D4}.Debug|Any CPU.ActiveCfg = Debug|Any CPU
		{5CD9DF96-E4BD-45EE-B7A3-3F68C5F4B8D4}.Debug|Any CPU.Build.0 = Debug|Any CPU
		{5CD9DF96-E4BD-45EE-B7A3-3F68C5F4B8D4}.Release|Any CPU.ActiveCfg = Release|Any CPU
		{5CD9DF96-E4BD-45EE-B7A3-3F68C5F4B8D4}.Release|Any CPU.Build.0 = Release|Any CPU
	EndGlobalSection
	GlobalSection(SolutionProperties) = preSolution
		HideSolutionNode = FALSE
	EndGlobalSection
	GlobalSection(ExtensibilityGlobals) = postSolution
		SolutionGuid = {B67A040D-B500-4E89-A141-4F99EFB56D47}
	EndGlobalSection
EndGlobal
